
Microsoft Visual Studio Solution File, Format Version 12.00
# Visual Studio 15
VisualStudioVersion = 15.0.28307.757
MinimumVisualStudioVersion = 10.0.40219.1
Project("{FAE04EC0-301F-11D3-BF4B-00C04F79EFBC}") = "ConsoleApp10", "ConsoleApp10\ConsoleApp10.csproj", "{192ED1BC-4431-49D8-BCD4-47745ED5E60A}"
EndProject
Global
	GlobalSection(SolutionConfigurationPlatforms) = preSolution
		Debug|Any CPU = Debug|Any CPU
		Release|Any CPU = Release|Any CPU
	EndGlobalSection
	GlobalSection(ProjectConfigurationPlatforms) = postSolution
		{192ED1BC-4431-49D8-BCD4-47745ED5E60A}.Debug|Any CPU.ActiveCfg = Debug|Any CPU
		{192ED1BC-4431-49D8-BCD4-47745ED5E60A}.Debug|Any CPU.Build.0 = Debug|Any CPU
		{192ED1BC-4431-49D8-BCD4-47745ED5E60A}.Release|Any CPU.ActiveCfg = Release|Any CPU
		{192ED1BC-4431-49D8-BCD4-47745ED5E60A}.Release|Any CPU.Build.0 = Release|Any CPU
	EndGlobalSection
	GlobalSection(SolutionProperties) = preSolution
		HideSolutionNode = FALSE
	EndGlobalSection
	GlobalSection(ExtensibilityGlobals) = postSolution
		SolutionGuid = {3E0C3194-1BAB-4AD0-ABDF-14DEA530E01D}
	EndGlobalSection
EndGlobal
